// !$*UTF8*$!
{
	archiveVersion = 1;
	classes = {
	};
	objectVersion = 50;
	objects = {

/* Begin PBXBuildFile section */
		16545DF8214B4DC200ED16C9 /* AppDelegate.swift in Sources */ = {isa = PBXBuildFile; fileRef = 16545DF7214B4DC200ED16C9 /* AppDelegate.swift */; };
		16545DFA214B4DC200ED16C9 /* ClassifierViewController.swift in Sources */ = {isa = PBXBuildFile; fileRef = 16545DF9214B4DC200ED16C9 /* ClassifierViewController.swift */; };
		16545DFD214B4DC200ED16C9 /* Main.storyboard in Resources */ = {isa = PBXBuildFile; fileRef = 16545DFB214B4DC200ED16C9 /* Main.storyboard */; };
		16545DFF214B4DC300ED16C9 /* Assets.xcassets in Resources */ = {isa = PBXBuildFile; fileRef = 16545DFE214B4DC300ED16C9 /* Assets.xcassets */; };
		16545E02214B4DC300ED16C9 /* LaunchScreen.storyboard in Resources */ = {isa = PBXBuildFile; fileRef = 16545E00214B4DC300ED16C9 /* LaunchScreen.storyboard */; };
		16545E0A214B51E200ED16C9 /* VGG16.mlmodel in Sources */ = {isa = PBXBuildFile; fileRef = 16545E09214B51E200ED16C9 /* VGG16.mlmodel */; };
/* End PBXBuildFile section */

/* Begin PBXFileReference section */
		16545DF4214B4DC200ED16C9 /* MachineLearningVision.app */ = {isa = PBXFileReference; explicitFileType = wrapper.application; includeInIndex = 0; path = MachineLearningVision.app; sourceTree = BUILT_PRODUCTS_DIR; };
		16545DF7214B4DC200ED16C9 /* AppDelegate.swift */ = {isa = PBXFileReference; lastKnownFileType = sourcecode.swift; path = AppDelegate.swift; sourceTree = "<group>"; };
		16545DF9214B4DC200ED16C9 /* ClassifierViewController.swift */ = {isa = PBXFileReference; lastKnownFileType = sourcecode.swift; path = ClassifierViewController.swift; sourceTree = "<group>"; };
		16545DFC214B4DC200ED16C9 /* Base */ = {isa = PBXFileReference; lastKnownFileType = file.storyboard; name = Base; path = Base.lproj/Main.storyboard; sourceTree = "<group>"; };
		16545DFE214B4DC300ED16C9 /* Assets.xcassets */ = {isa = PBXFileReference; lastKnownFileType = folder.assetcatalog; path = Assets.xcassets; sourceTree = "<group>"; };
		16545E01214B4DC300ED16C9 /* Base */ = {isa = PBXFileReference; lastKnownFileType = file.storyboard; name = Base; path = Base.lproj/LaunchScreen.storyboard; sourceTree = "<group>"; };
		16545E03214B4DC300ED16C9 /* Info.plist */ = {isa = PBXFileReference; lastKnownFileType = text.plist.xml; path = Info.plist; sourceTree = "<group>"; };
		16545E09214B51E200ED16C9 /* VGG16.mlmodel */ = {isa = PBXFileReference; lastKnownFileType = file.mlmodel; path = VGG16.mlmodel; sourceTree = "<group>"; };
/* End PBXFileReference section */

/* Begin PBXFrameworksBuildPhase section */
		16545DF1214B4DC200ED16C9 /* Frameworks */ = {
			isa = PBXFrameworksBuildPhase;
			buildActionMask = 2147483647;
			files = (
			);
			runOnlyForDeploymentPostprocessing = 0;
		};
/* End PBXFrameworksBuildPhase section */

/* Begin PBXGroup section */
		16545DEB214B4DC200ED16C9 = {
			isa = PBXGroup;
			children = (
				16545DF6214B4DC200ED16C9 /* MachineLearningVision */,
				16545DF5214B4DC200ED16C9 /* Products */,
			);
			sourceTree = "<group>";
		};
		16545DF5214B4DC200ED16C9 /* Products */ = {
			isa = PBXGroup;
			children = (
				16545DF4214B4DC200ED16C9 /* MachineLearningVision.app */,
			);
			name = Products;
			sourceTree = "<group>";
		};
		16545DF6214B4DC200ED16C9 /* MachineLearningVision */ = {
			isa = PBXGroup;
			children = (
				16545DF7214B4DC200ED16C9 /* AppDelegate.swift */,
				16545DF9214B4DC200ED16C9 /* ClassifierViewController.swift */,
				16545E09214B51E200ED16C9 /* VGG16.mlmodel */,
				16545DFB214B4DC200ED16C9 /* Main.storyboard */,
				16545DFE214B4DC300ED16C9 /* Assets.xcassets */,
				16545E00214B4DC300ED16C9 /* LaunchScreen.storyboard */,
				16545E03214B4DC300ED16C9 /* Info.plist */,
			);
			path = MachineLearningVision;
			sourceTree = "<group>";
		};
/* End PBXGroup section */

/* Begin PBXNativeTarget section */
		16545DF3214B4DC200ED16C9 /* MachineLearningVision */ = {
			isa = PBXNativeTarget;
			buildConfigurationList = 16545E06214B4DC300ED16C9 /* Build configuration list for PBXNativeTarget "MachineLearningVision" */;
			buildPhases = (
				16545DF0214B4DC200ED16C9 /* Sources */,
				16545DF1214B4DC200ED16C9 /* Frameworks */,
				16545DF2214B4DC200ED16C9 /* Resources */,
			);
			buildRules = (
			);
			dependencies = (
			);
			name = MachineLearningVision;
			productName = MachineLearningVision;
			productReference = 16545DF4214B4DC200ED16C9 /* MachineLearningVision.app */;
			productType = "com.apple.product-type.application";
		};
/* End PBXNativeTarget section */

/* Begin PBXProject section */
		16545DEC214B4DC200ED16C9 /* Project object */ = {
			isa = PBXProject;
			attributes = {
				LastSwiftUpdateCheck = 1000;
				LastUpgradeCheck = 1000;
				ORGANIZATIONNAME = "Jacob Sokora";
				TargetAttributes = {
					16545DF3214B4DC200ED16C9 = {
						CreatedOnToolsVersion = 10.0;
					};
				};
			};
			buildConfigurationList = 16545DEF214B4DC200ED16C9 /* Build configuration list for PBXProject "MachineLearningVision" */;
			compatibilityVersion = "Xcode 9.3";
			developmentRegion = en;
			hasScannedForEncodings = 0;
			knownRegions = (
				en,
				Base,
			);
			mainGroup = 16545DEB214B4DC200ED16C9;
			productRefGroup = 16545DF5214B4DC200ED16C9 /* Products */;
			projectDirPath = "";
			projectRoot = "";
			targets = (
				16545DF3214B4DC200ED16C9 /* MachineLearningVision */,
			);
		};
/* End PBXProject section */

/* Begin PBXResourcesBuildPhase section */
		16545DF2214B4DC200ED16C9 /* Resources */ = {
			isa = PBXResourcesBuildPhase;
			buildActionMask = 2147483647;
			files = (
				16545E02214B4DC300ED16C9 /* LaunchScreen.storyboard in Resources */,
				16545DFF214B4DC300ED16C9 /* Assets.xcassets in Resources */,
				16545DFD214B4DC200ED16C9 /* Main.storyboard in Resources */,
			);
			runOnlyForDeploymentPostprocessing = 0;
		};
/* End PBXResourcesBuildPhase section */

/* Begin PBXSourcesBuildPhase section */
		16545DF0214B4DC200ED16C9 /* Sources */ = {
			isa = PBXSourcesBuildPhase;
			buildActionMask = 2147483647;
			files = (
				16545DFA214B4DC200ED16C9 /* ClassifierViewController.swift in Sources */,
				16545DF8214B4DC200ED16C9 /* AppDelegate.swift in Sources */,
				16545E0A214B51E200ED16C9 /* VGG16.mlmodel in Sources */,
			);
			runOnlyForDeploymentPostprocessing = 0;
		};
/* End PBXSourcesBuildPhase section */

/* Begin PBXVariantGroup section */
		16545DFB214B4DC200ED16C9 /* Main.storyboard */ = {
			isa = PBXVariantGroup;
			children = (
				16545DFC214B4DC200ED16C9 /* Base */,
			);
			name = Main.storyboard;
			sourceTree = "<group>";
		};
		16545E00214B4DC300ED16C9 /* LaunchScreen.storyboard */ = {
			isa = PBXVariantGroup;
			children = (
				16545E01214B4DC300ED16C9 /* Base */,
			);
			name = LaunchScreen.storyboard;
			sourceTree = "<group>";
		};
/* End PBXVariantGroup section */

/* Begin XCBuildConfiguration section */
		16545E04214B4DC300ED16C9 /* Debug */ = {
			isa = XCBuildConfiguration;
			buildSettings = {
				ALWAYS_SEARCH_USER_PATHS = NO;
				CLANG_ANALYZER_NONNULL = YES;
				CLANG_ANALYZER_NUMBER_OBJECT_CONVERSION = YES_AGGRESSIVE;
				CLANG_CXX_LANGUAGE_STANDARD = "gnu++14";
				CLANG_CXX_LIBRARY = "libc++";
				CLANG_ENABLE_MODULES = YES;
				CLANG_ENABLE_OBJC_ARC = YES;
				CLANG_ENABLE_OBJC_WEAK = YES;
				CLANG_WARN_BLOCK_CAPTURE_AUTORELEASING = YES;
				CLANG_WARN_BOOL_CONVERSION = YES;
				CLANG_WARN_COMMA = YES;
				CLANG_WARN_CONSTANT_CONVERSION = YES;
				CLANG_WARN_DEPRECATED_OBJC_IMPLEMENTATIONS = YES;
				CLANG_WARN_DIRECT_OBJC_ISA_USAGE = YES_ERROR;
				CLANG_WARN_DOCUMENTATION_COMMENTS = YES;
				CLANG_WARN_EMPTY_BODY = YES;
				CLANG_WARN_ENUM_CONVERSION = YES;
				CLANG_WARN_INFINITE_RECURSION = YES;
				CLANG_WARN_INT_CONVERSION = YES;
				CLANG_WARN_NON_LITERAL_NULL_CONVERSION = YES;
				CLANG_WARN_OBJC_IMPLICIT_RETAIN_SELF = YES;
				CLANG_WARN_OBJC_LITERAL_CONVERSION = YES;
				CLANG_WARN_OBJC_ROOT_CLASS = YES_ERROR;
				CLANG_WARN_RANGE_LOOP_ANALYSIS = YES;
				CLANG_WARN_STRICT_PROTOTYPES = YES;
				CLANG_WARN_SUSPICIOUS_MOVE = YES;
				CLANG_WARN_UNGUARDED_AVAILABILITY = YES_AGGRESSIVE;
				CLANG_WARN_UNREACHABLE_CODE = YES;
				CLANG_WARN__DUPLICATE_METHOD_MATCH = YES;
				CODE_SIGN_IDENTITY = "iPhone Developer";
				COPY_PHASE_STRIP = NO;
				DEBUG_INFORMATION_FORMAT = dwarf;
				ENABLE_STRICT_OBJC_MSGSEND = YES;
				ENABLE_TESTABILITY = YES;
				GCC_C_LANGUAGE_STANDARD = gnu11;
				GCC_DYNAMIC_NO_PIC = NO;
				GCC_NO_COMMON_BLOCKS = YES;
				GCC_OPTIMIZATION_LEVEL = 0;
				GCC_PREPROCESSOR_DEFINITIONS = (
					"DEBUG=1",
					"$(inherited)",
				);
				GCC_WARN_64_TO_32_BIT_CONVERSION = YES;
				GCC_WARN_ABOUT_RETURN_TYPE = YES_ERROR;
				GCC_WARN_UNDECLARED_SELECTOR = YES;
				GCC_WARN_UNINITIALIZED_AUTOS = YES_AGGRESSIVE;
				GCC_WARN_UNUSED_FUNCTION = YES;
				GCC_WARN_UNUSED_VARIABLE = YES;
				IPHONEOS_DEPLOYMENT_TARGET = 12.0;
				MTL_ENABLE_DEBUG_INFO = INCLUDE_SOURCE;
				MTL_FAST_MATH = YES;
				ONLY_ACTIVE_ARCH = YES;
				SDKROOT = iphoneos;
				SWIFT_ACTIVE_COMPILATION_CONDITIONS = DEBUG;
				SWIFT_OPTIMIZATION_LEVEL = "-Onone";
			};
			name = Debug;
		};
		16545E05214B4DC300ED16C9 /* Release */ = {
			isa = XCBuildConfiguration;
			buildSettings = {
				ALWAYS_SEARCH_USER_PATHS = NO;
				CLANG_ANALYZER_NONNULL = YES;
				CLANG_ANALYZER_NUMBER_OBJECT_CONVERSION = YES_AGGRESSIVE;
				CLANG_CXX_LANGUAGE_STANDARD = "gnu++14";
				CLANG_CXX_LIBRARY = "libc++";
				CLANG_ENABLE_MODULES = YES;
				CLANG_ENABLE_OBJC_ARC = YES;
				CLANG_ENABLE_OBJC_WEAK = YES;
				CLANG_WARN_BLOCK_CAPTURE_AUTORELEASING = YES;
				CLANG_WARN_BOOL_CONVERSION = YES;
				CLANG_WARN_COMMA = YES;
				CLANG_WARN_CONSTANT_CONVERSION = YES;
				CLANG_WARN_DEPRECATED_OBJC_IMPLEMENTATIONS = YES;
				CLANG_WARN_DIRECT_OBJC_ISA_USAGE = YES_ERROR;
				CLANG_WARN_DOCUMENTATION_COMMENTS = YES;
				CLANG_WARN_EMPTY_BODY = YES;
				CLANG_WARN_ENUM_CONVERSION = YES;
				CLANG_WARN_INFINITE_RECURSION = YES;
				CLANG_WARN_INT_CONVERSION = YES;
				CLANG_WARN_NON_LITERAL_NULL_CONVERSION = YES;
				CLANG_WARN_OBJC_IMPLICIT_RETAIN_SELF = YES;
				CLANG_WARN_OBJC_LITERAL_CONVERSION = YES;
				CLANG_WARN_OBJC_ROOT_CLASS = YES_ERROR;
				CLANG_WARN_RANGE_LOOP_ANALYSIS = YES;
				CLANG_WARN_STRICT_PROTOTYPES = YES;
				CLANG_WARN_SUSPICIOUS_MOVE = YES;
				CLANG_WARN_UNGUARDED_AVAILABILITY = YES_AGGRESSIVE;
				CLANG_WARN_UNREACHABLE_CODE = YES;
				CLANG_WARN__DUPLICATE_METHOD_MATCH = YES;
				CODE_SIGN_IDENTITY = "iPhone Developer";
				COPY_PHASE_STRIP = NO;
				DEBUG_INFORMATION_FORMAT = "dwarf-with-dsym";
				ENABLE_NS_ASSERTIONS = NO;
				ENABLE_STRICT_OBJC_MSGSEND = YES;
				GCC_C_LANGUAGE_STANDARD = gnu11;
				GCC_NO_COMMON_BLOCKS = YES;
				GCC_WARN_64_TO_32_BIT_CONVERSION = YES;
				GCC_WARN_ABOUT_RETURN_TYPE = YES_ERROR;
				GCC_WARN_UNDECLARED_SELECTOR = YES;
				GCC_WARN_UNINITIALIZED_AUTOS = YES_AGGRESSIVE;
				GCC_WARN_UNUSED_FUNCTION = YES;
				GCC_WARN_UNUSED_VARIABLE = YES;
				IPHONEOS_DEPLOYMENT_TARGET = 12.0;
				MTL_ENABLE_DEBUG_INFO = NO;
				MTL_FAST_MATH = YES;
				SDKROOT = iphoneos;
				SWIFT_COMPILATION_MODE = wholemodule;
				SWIFT_OPTIMIZATION_LEVEL = "-O";
				VALIDATE_PRODUCT = YES;
			};
			name = Release;
		};
		16545E07214B4DC300ED16C9 /* Debug */ = {
			isa = XCBuildConfiguration;
			buildSettings = {
				ASSETCATALOG_COMPILER_APPICON_NAME = AppIcon;
				CODE_SIGN_STYLE = Automatic;
				DEVELOPMENT_TEAM = 4FNJNUQ3AD;
				INFOPLIST_FILE = MachineLearningVision/Info.plist;
				LD_RUNPATH_SEARCH_PATHS = (
					"$(inherited)",
					"@executable_path/Frameworks",
				);
				PRODUCT_BUNDLE_IDENTIFIER = me.jacobsokora.MachineLearningVision;
				PRODUCT_NAME = "$(TARGET_NAME)";
				SWIFT_VERSION = 4.2;
				TARGETED_DEVICE_FAMILY = "1,2";
			};
			name = Debug;
		};
		16545E08214B4DC300ED16C9 /* Release */ = {
			isa = XCBuildConfiguration;
			buildSettings = {
				ASSETCATALOG_COMPILER_APPICON_NAME = AppIcon;
				CODE_SIGN_STYLE = Automatic;
				DEVELOPMENT_TEAM = 4FNJNUQ3AD;
				INFOPLIST_FILE = MachineLearningVision/Info.plist;
				LD_RUNPATH_SEARCH_PATHS = (
					"$(inherited)",
					"@executable_path/Frameworks",
				);
				PRODUCT_BUNDLE_IDENTIFIER = me.jacobsokora.MachineLearningVision;
				PRODUCT_NAME = "$(TARGET_NAME)";
				SWIFT_VERSION = 4.2;
				TARGETED_DEVICE_FAMILY = "1,2";
			};
			name = Release;
		};
/* End XCBuildConfiguration section */

/* Begin XCConfigurationList section */
		16545DEF214B4DC200ED16C9 /* Build configuration list for PBXProject "MachineLearningVision" */ = {
			isa = XCConfigurationList;
			buildConfigurations = (
				16545E04214B4DC300ED16C9 /* Debug */,
				16545E05214B4DC300ED16C9 /* Release */,
			);
			defaultConfigurationIsVisible = 0;
			defaultConfigurationName = Release;
		};
		16545E06214B4DC300ED16C9 /* Build configuration list for PBXNativeTarget "MachineLearningVision" */ = {
			isa = XCConfigurationList;
			buildConfigurations = (
				16545E07214B4DC300ED16C9 /* Debug */,
				16545E08214B4DC300ED16C9 /* Release */,
			);
			defaultConfigurationIsVisible = 0;
			defaultConfigurationName = Release;
		};
/* End XCConfigurationList section */
	};
	rootObject = 16545DEC214B4DC200ED16C9 /* Project object */;
}
